
Microsoft Visual Studio Solution File, Format Version 12.00
# Visual Studio Version 16
VisualStudioVersion = 16.0.30717.126
MinimumVisualStudioVersion = 10.0.40219.1
Project("{FAE04EC0-301F-11D3-BF4B-00C04F79EFBC}") = "BookOfRecipes", "BookOfRecipes\BookOfRecipes.csproj", "{AFF25835-C800-4921-A5EB-EF295AB20D5D}"
EndProject
Global
	GlobalSection(SolutionConfigurationPlatforms) = preSolution
		Debug|Any CPU = Debug|Any CPU
		Release|Any CPU = Release|Any CPU
	EndGlobalSection
	GlobalSection(ProjectConfigurationPlatforms) = postSolution
		{AFF25835-C800-4921-A5EB-EF295AB20D5D}.Debug|Any CPU.ActiveCfg = Debug|Any CPU
		{AFF25835-C800-4921-A5EB-EF295AB20D5D}.Debug|Any CPU.Build.0 = Debug|Any CPU
		{AFF25835-C800-4921-A5EB-EF295AB20D5D}.Release|Any CPU.ActiveCfg = Release|Any CPU
		{AFF25835-C800-4921-A5EB-EF295AB20D5D}.Release|Any CPU.Build.0 = Release|Any CPU
	EndGlobalSection
	GlobalSection(SolutionProperties) = preSolution
		HideSolutionNode = FALSE
	EndGlobalSection
	GlobalSection(ExtensibilityGlobals) = postSolution
		SolutionGuid = {A65BDAFA-E4B0-45C6-88F7-AF30592CB69E}
	EndGlobalSection
EndGlobal
